
Microsoft Visual Studio Solution File, Format Version 12.00
# Visual Studio Version 16
VisualStudioVersion = 16.0.31129.286
MinimumVisualStudioVersion = 10.0.40219.1
Project("{9A19103F-16F7-4668-BE54-9A1E7A4F7556}") = "Entities", "Entities\Entities.csproj", "{A140A42A-7295-4B48-828B-7E22A19414B0}"
EndProject
Project("{9A19103F-16F7-4668-BE54-9A1E7A4F7556}") = "DataAccess", "DataAccess\DataAccess.csproj", "{27165795-4CB0-4B3D-B791-9B83594A4D65}"
EndProject
Project("{9A19103F-16F7-4668-BE54-9A1E7A4F7556}") = "Business", "Business\Business.csproj", "{8FDCF96F-1E61-4861-B0E1-1E02B338DAE1}"
EndProject
Project("{9A19103F-16F7-4668-BE54-9A1E7A4F7556}") = "ConsoleUI", "ConsoleUI\ConsoleUI.csproj", "{31537A6D-FBB7-43C5-8B52-7776F17FD972}"
EndProject
Project("{9A19103F-16F7-4668-BE54-9A1E7A4F7556}") = "Core", "Core\Core.csproj", "{CE3AE22C-8F28-406C-9346-A3132E4D54EB}"
EndProject
Global
	GlobalSection(SolutionConfigurationPlatforms) = preSolution
		Debug|Any CPU = Debug|Any CPU
		Release|Any CPU = Release|Any CPU
	EndGlobalSection
	GlobalSection(ProjectConfigurationPlatforms) = postSolution
		{A140A42A-7295-4B48-828B-7E22A19414B0}.Debug|Any CPU.ActiveCfg = Debug|Any CPU
		{A140A42A-7295-4B48-828B-7E22A19414B0}.Debug|Any CPU.Build.0 = Debug|Any CPU
		{A140A42A-7295-4B48-828B-7E22A19414B0}.Release|Any CPU.ActiveCfg = Release|Any CPU
		{A140A42A-7295-4B48-828B-7E22A19414B0}.Release|Any CPU.Build.0 = Release|Any CPU
		{27165795-4CB0-4B3D-B791-9B83594A4D65}.Debug|Any CPU.ActiveCfg = Debug|Any CPU
		{27165795-4CB0-4B3D-B791-9B83594A4D65}.Debug|Any CPU.Build.0 = Debug|Any CPU
		{27165795-4CB0-4B3D-B791-9B83594A4D65}.Release|Any CPU.ActiveCfg = Release|Any CPU
		{27165795-4CB0-4B3D-B791-9B83594A4D65}.Release|Any CPU.Build.0 = Release|Any CPU
		{8FDCF96F-1E61-4861-B0E1-1E02B338DAE1}.Debug|Any CPU.ActiveCfg = Debug|Any CPU
		{8FDCF96F-1E61-4861-B0E1-1E02B338DAE1}.Debug|Any CPU.Build.0 = Debug|Any CPU
		{8FDCF96F-1E61-4861-B0E1-1E02B338DAE1}.Release|Any CPU.ActiveCfg = Release|Any CPU
		{8FDCF96F-1E61-4861-B0E1-1E02B338DAE1}.Release|Any CPU.Build.0 = Release|Any CPU
		{31537A6D-FBB7-43C5-8B52-7776F17FD972}.Debug|Any CPU.ActiveCfg = Debug|Any CPU
		{31537A6D-FBB7-43C5-8B52-7776F17FD972}.Debug|Any CPU.Build.0 = Debug|Any CPU
		{31537A6D-FBB7-43C5-8B52-7776F17FD972}.Release|Any CPU.ActiveCfg = Release|Any CPU
		{31537A6D-FBB7-43C5-8B52-7776F17FD972}.Release|Any CPU.Build.0 = Release|Any CPU
		{CE3AE22C-8F28-406C-9346-A3132E4D54EB}.Debug|Any CPU.ActiveCfg = Debug|Any CPU
		{CE3AE22C-8F28-406C-9346-A3132E4D54EB}.Debug|Any CPU.Build.0 = Debug|Any CPU
		{CE3AE22C-8F28-406C-9346-A3132E4D54EB}.Release|Any CPU.ActiveCfg = Release|Any CPU
		{CE3AE22C-8F28-406C-9346-A3132E4D54EB}.Release|Any CPU.Build.0 = Release|Any CPU
	EndGlobalSection
	GlobalSection(SolutionProperties) = preSolution
		HideSolutionNode = FALSE
	EndGlobalSection
	GlobalSection(ExtensibilityGlobals) = postSolution
		SolutionGuid = {2001FEA0-329F-4969-9EB5-7A62CF8543EA}
	EndGlobalSection
EndGlobal
